
Microsoft Visual Studio Solution File, Format Version 12.00
# Visual Studio Version 17
VisualStudioVersion = 17.13.35825.156 d17.13
MinimumVisualStudioVersion = 10.0.40219.1
Project("{FAE04EC0-301F-11D3-BF4B-00C04F79EFBC}") = "XpenseWatch", "XpenseWatch.csproj", "{2D91418E-2AB6-46E8-9137-F7F84B91E6CE}"
EndProject
Global
	GlobalSection(SolutionConfigurationPlatforms) = preSolution
		Debug|Any CPU = Debug|Any CPU
		Release|Any CPU = Release|Any CPU
	EndGlobalSection
	GlobalSection(ProjectConfigurationPlatforms) = postSolution
		{2D91418E-2AB6-46E8-9137-F7F84B91E6CE}.Debug|Any CPU.ActiveCfg = Debug|Any CPU
		{2D91418E-2AB6-46E8-9137-F7F84B91E6CE}.Debug|Any CPU.Build.0 = Debug|Any CPU
		{2D91418E-2AB6-46E8-9137-F7F84B91E6CE}.Release|Any CPU.ActiveCfg = Release|Any CPU
		{2D91418E-2AB6-46E8-9137-F7F84B91E6CE}.Release|Any CPU.Build.0 = Release|Any CPU
	EndGlobalSection
	GlobalSection(SolutionProperties) = preSolution
		HideSolutionNode = FALSE
	EndGlobalSection
	GlobalSection(ExtensibilityGlobals) = postSolution
		SolutionGuid = {01C88F76-CC73-4EAF-BFF9-4C9C3C50FA8E}
	EndGlobalSection
EndGlobal
